<?xml version="1.0" encoding="utf-8"?>
<Project ToolsVersion="4.0" xmlns="http://schemas.microsoft.com/developer/msbuild/2003">
  <ItemGroup>
    <Filter Include="Source Files">
      <UniqueIdentifier>{4FC737F1-C7A5-4376-A066-2A32D752A2FF}</UniqueIdentifier>
      <Extensions>cpp;c;cc;cxx;def;odl;idl;hpj;bat;asm;asmx</Extensions>
    </Filter>
    <Filter Include="Header Files">
      <UniqueIdentifier>{93995380-89BD-4b04-88EB-625FBE52EBFB}</UniqueIdentifier>
      <Extensions>h;hh;hpp;hxx;hm;inl;inc;xsd</Extensions>
    </Filter>
    <Filter Include="Resource Files">
      <UniqueIdentifier>{67DA6AB6-F800-4c08-8B7A-83BB121AAD01}</UniqueIdentifier>
      <Extensions>rc;ico;cur;bmp;dlg;rc2;rct;bin;rgs;gif;jpg;jpeg;jpe;resx;tiff;tif;png;wav;mfcribbon-ms</Extensions>
    </Filter>
    <Filter Include="Common">
      <UniqueIdentifier>{ef5930cb-12c3-4b0d-bb49-7767caf8f382}</UniqueIdentifier>
    </Filter>
    <Filter Include="HelpTool">
      <UniqueIdentifier>{1a4d0c3e-4e5f-4aa5-a363-bc6584db643d}</UniqueIdentifier>
    </Filter>
  </ItemGroup>
  <ItemGroup>
    <ClInclude Include="..\Common\Common.h">
      <Filter>Common</Filter>
    </ClInclude>
    <ClInclude Include="..\Common\Log.h">
      <Filter>Common</Filter>
    </ClInclude>
    <ClInclude Include="..\Common\Type.h">
      <Filter>Common</Filter>
    </ClInclude>
    <ClInclude Include="..\HelpTool\HelpClient.h">
      <Filter>HelpTool</Filter>
    </ClInclude>
    <ClInclude Include="..\HelpTool\HelpCommStruct.h">
      <Filter>HelpTool</Filter>
    </ClInclude>
    <ClInclude Include="..\HelpTool\HelpServer.h">
      <Filter>HelpTool</Filter>
    </ClInclude>
    <ClInclude Include="..\HelpTool\HelpTool.h">
      <Filter>HelpTool</Filter>
    </ClInclude>
    <ClInclude Include="EntryPoint.h">
      <Filter>Source Files</Filter>
    </ClInclude>
    <ClInclude Include="NetworkAPI.h">
      <Filter>Source Files</Filter>
    </ClInclude>
    <ClInclude Include="Protocol.h">
      <Filter>Source Files</Filter>
    </ClInclude>
    <ClInclude Include="InMemory.h">
      <Filter>Source Files</Filter>
    </ClInclude>
  </ItemGroup>
  <ItemGroup>
    <ClCompile Include="..\Common\Log.cpp">
      <Filter>Common</Filter>
    </ClCompile>
    <ClCompile Include="..\HelpTool\HelpClient.cpp">
      <Filter>HelpTool</Filter>
    </ClCompile>
    <ClCompile Include="..\HelpTool\HelpServer.cpp">
      <Filter>HelpTool</Filter>
    </ClCompile>
    <ClCompile Include="..\HelpTool\HelpTool.cpp">
      <Filter>HelpTool</Filter>
    </ClCompile>
    <ClCompile Include="BrokerMain.cpp">
      <Filter>Source Files</Filter>
    </ClCompile>
    <ClCompile Include="EntryPoint.cpp">
      <Filter>Source Files</Filter>
    </ClCompile>
    <ClCompile Include="InMemory.cpp">
      <Filter>Source Files</Filter>
    </ClCompile>
  </ItemGroup>
</Project>